
Microsoft Visual Studio Solution File, Format Version 12.00
# Visual Studio Version 17
VisualStudioVersion = 17.7.34024.191
MinimumVisualStudioVersion = 10.0.40219.1
Project("{FAE04EC0-301F-11D3-BF4B-00C04F79EFBC}") = "ZenBlog.Shared", "ZenBlog.Shared\ZenBlog.Shared.csproj", "{C30E1B5B-4EE6-41B6-8E06-04518237B2B9}"
EndProject
Project("{FAE04EC0-301F-11D3-BF4B-00C04F79EFBC}") = "ZenBlog.Entities", "ZenBlog.Entities\ZenBlog.Entities.csproj", "{2BCD74D0-86D1-4445-ACEB-C5EB5802393F}"
EndProject
Project("{FAE04EC0-301F-11D3-BF4B-00C04F79EFBC}") = "ZenBlog.Data", "ZenBlog.Data\ZenBlog.Data.csproj", "{96006B36-BA6E-4BA3-801D-442C92CC79AD}"
EndProject
Project("{FAE04EC0-301F-11D3-BF4B-00C04F79EFBC}") = "ZenBlog.Services", "ZenBlog.Services\ZenBlog.Services.csproj", "{C22AD9A7-9533-4DBD-AC77-01DA93A53864}"
EndProject
Project("{FAE04EC0-301F-11D3-BF4B-00C04F79EFBC}") = "ZenBlog.Mvc", "ZenBlog.Mvc\ZenBlog.Mvc.csproj", "{10EF2F27-6F08-4F04-AF94-CBD438EF7FF7}"
EndProject
Global
	GlobalSection(SolutionConfigurationPlatforms) = preSolution
		Debug|Any CPU = Debug|Any CPU
		Release|Any CPU = Release|Any CPU
	EndGlobalSection
	GlobalSection(ProjectConfigurationPlatforms) = postSolution
		{C30E1B5B-4EE6-41B6-8E06-04518237B2B9}.Debug|Any CPU.ActiveCfg = Debug|Any CPU
		{C30E1B5B-4EE6-41B6-8E06-04518237B2B9}.Debug|Any CPU.Build.0 = Debug|Any CPU
		{C30E1B5B-4EE6-41B6-8E06-04518237B2B9}.Release|Any CPU.ActiveCfg = Release|Any CPU
		{C30E1B5B-4EE6-41B6-8E06-04518237B2B9}.Release|Any CPU.Build.0 = Release|Any CPU
		{2BCD74D0-86D1-4445-ACEB-C5EB5802393F}.Debug|Any CPU.ActiveCfg = Debug|Any CPU
		{2BCD74D0-86D1-4445-ACEB-C5EB5802393F}.Debug|Any CPU.Build.0 = Debug|Any CPU
		{2BCD74D0-86D1-4445-ACEB-C5EB5802393F}.Release|Any CPU.ActiveCfg = Release|Any CPU
		{2BCD74D0-86D1-4445-ACEB-C5EB5802393F}.Release|Any CPU.Build.0 = Release|Any CPU
		{96006B36-BA6E-4BA3-801D-442C92CC79AD}.Debug|Any CPU.ActiveCfg = Debug|Any CPU
		{96006B36-BA6E-4BA3-801D-442C92CC79AD}.Debug|Any CPU.Build.0 = Debug|Any CPU
		{96006B36-BA6E-4BA3-801D-442C92CC79AD}.Release|Any CPU.ActiveCfg = Release|Any CPU
		{96006B36-BA6E-4BA3-801D-442C92CC79AD}.Release|Any CPU.Build.0 = Release|Any CPU
		{C22AD9A7-9533-4DBD-AC77-01DA93A53864}.Debug|Any CPU.ActiveCfg = Debug|Any CPU
		{C22AD9A7-9533-4DBD-AC77-01DA93A53864}.Debug|Any CPU.Build.0 = Debug|Any CPU
		{C22AD9A7-9533-4DBD-AC77-01DA93A53864}.Release|Any CPU.ActiveCfg = Release|Any CPU
		{C22AD9A7-9533-4DBD-AC77-01DA93A53864}.Release|Any CPU.Build.0 = Release|Any CPU
		{10EF2F27-6F08-4F04-AF94-CBD438EF7FF7}.Debug|Any CPU.ActiveCfg = Debug|Any CPU
		{10EF2F27-6F08-4F04-AF94-CBD438EF7FF7}.Debug|Any CPU.Build.0 = Debug|Any CPU
		{10EF2F27-6F08-4F04-AF94-CBD438EF7FF7}.Release|Any CPU.ActiveCfg = Release|Any CPU
		{10EF2F27-6F08-4F04-AF94-CBD438EF7FF7}.Release|Any CPU.Build.0 = Release|Any CPU
	EndGlobalSection
	GlobalSection(SolutionProperties) = preSolution
		HideSolutionNode = FALSE
	EndGlobalSection
	GlobalSection(ExtensibilityGlobals) = postSolution
		SolutionGuid = {FA4DB99B-3E3F-408A-A012-A947383452E9}
	EndGlobalSection
EndGlobal
